
Microsoft Visual Studio Solution File, Format Version 10.00
# Visual Studio 2008
Project("{8BC9CEB8-8B4A-11D0-8D11-00A0C91BC942}") = "ImageIO", "ImageIO.vcproj", "{F526CEDF-EAE7-4409-AD0A-9A8ABF6150A0}"
	ProjectSection(ProjectDependencies) = postProject
		{D50EBF0F-6CF7-40EA-BBD7-382152C2AEE4} = {D50EBF0F-6CF7-40EA-BBD7-382152C2AEE4}
		{81BAC190-835B-4D60-8BDB-737C2CFD8B06} = {81BAC190-835B-4D60-8BDB-737C2CFD8B06}
		{2BDA6445-2B7C-441C-9924-4026FB97572A} = {2BDA6445-2B7C-441C-9924-4026FB97572A}
		{87AE11BA-C852-4346-BBD4-8E3396006F6F} = {87AE11BA-C852-4346-BBD4-8E3396006F6F}
	EndProjectSection
EndProject
Project("{8BC9CEB8-8B4A-11D0-8D11-00A0C91BC942}") = "LibPNG", "..\libpng\LibPNG.vcproj", "{81BAC190-835B-4D60-8BDB-737C2CFD8B06}"
EndProject
Project("{8BC9CEB8-8B4A-11D0-8D11-00A0C91BC942}") = "libjpeg", "..\libjpeg\libjpeg.vcproj", "{2BDA6445-2B7C-441C-9924-4026FB97572A}"
EndProject
Project("{8BC9CEB8-8B4A-11D0-8D11-00A0C91BC942}") = "ZLib", "..\zlib\ZLib.vcproj", "{87AE11BA-C852-4346-BBD4-8E3396006F6F}"
EndProject
Project("{8BC9CEB8-8B4A-11D0-8D11-00A0C91BC942}") = "libTiff", "..\libtiff\libTiff.vcproj", "{D50EBF0F-6CF7-40EA-BBD7-382152C2AEE4}"
EndProject
Global
	GlobalSection(SolutionConfigurationPlatforms) = preSolution
		Debug|Win32 = Debug|Win32
		Debug|x64 = Debug|x64
		Release|Win32 = Release|Win32
		Release|x64 = Release|x64
	EndGlobalSection
	GlobalSection(ProjectConfigurationPlatforms) = postSolution
		{F526CEDF-EAE7-4409-AD0A-9A8ABF6150A0}.Debug|Win32.ActiveCfg = Debug|Win32
		{F526CEDF-EAE7-4409-AD0A-9A8ABF6150A0}.Debug|Win32.Build.0 = Debug|Win32
		{F526CEDF-EAE7-4409-AD0A-9A8ABF6150A0}.Debug|x64.ActiveCfg = Debug|x64
		{F526CEDF-EAE7-4409-AD0A-9A8ABF6150A0}.Debug|x64.Build.0 = Debug|x64
		{F526CEDF-EAE7-4409-AD0A-9A8ABF6150A0}.Release|Win32.ActiveCfg = Release|Win32
		{F526CEDF-EAE7-4409-AD0A-9A8ABF6150A0}.Release|Win32.Build.0 = Release|Win32
		{F526CEDF-EAE7-4409-AD0A-9A8ABF6150A0}.Release|x64.ActiveCfg = Release|x64
		{F526CEDF-EAE7-4409-AD0A-9A8ABF6150A0}.Release|x64.Build.0 = Release|x64
		{81BAC190-835B-4D60-8BDB-737C2CFD8B06}.Debug|Win32.ActiveCfg = Debug|Win32
		{81BAC190-835B-4D60-8BDB-737C2CFD8B06}.Debug|Win32.Build.0 = Debug|Win32
		{81BAC190-835B-4D60-8BDB-737C2CFD8B06}.Debug|x64.ActiveCfg = Debug|x64
		{81BAC190-835B-4D60-8BDB-737C2CFD8B06}.Debug|x64.Build.0 = Debug|x64
		{81BAC190-835B-4D60-8BDB-737C2CFD8B06}.Release|Win32.ActiveCfg = Release|Win32
		{81BAC190-835B-4D60-8BDB-737C2CFD8B06}.Release|Win32.Build.0 = Release|Win32
		{81BAC190-835B-4D60-8BDB-737C2CFD8B06}.Release|x64.ActiveCfg = Release|x64
		{81BAC190-835B-4D60-8BDB-737C2CFD8B06}.Release|x64.Build.0 = Release|x64
		{2BDA6445-2B7C-441C-9924-4026FB97572A}.Debug|Win32.ActiveCfg = Debug|Win32
		{2BDA6445-2B7C-441C-9924-4026FB97572A}.Debug|Win32.Build.0 = Debug|Win32
		{2BDA6445-2B7C-441C-9924-4026FB97572A}.Debug|x64.ActiveCfg = Debug|x64
		{2BDA6445-2B7C-441C-9924-4026FB97572A}.Debug|x64.Build.0 = Debug|x64
		{2BDA6445-2B7C-441C-9924-4026FB97572A}.Release|Win32.ActiveCfg = Release|Win32
		{2BDA6445-2B7C-441C-9924-4026FB97572A}.Release|Win32.Build.0 = Release|Win32
		{2BDA6445-2B7C-441C-9924-4026FB97572A}.Release|x64.ActiveCfg = Release|x64
		{2BDA6445-2B7C-441C-9924-4026FB97572A}.Release|x64.Build.0 = Release|x64
		{87AE11BA-C852-4346-BBD4-8E3396006F6F}.Debug|Win32.ActiveCfg = Debug|Win32
		{87AE11BA-C852-4346-BBD4-8E3396006F6F}.Debug|Win32.Build.0 = Debug|Win32
		{87AE11BA-C852-4346-BBD4-8E3396006F6F}.Debug|x64.ActiveCfg = Debug|x64
		{87AE11BA-C852-4346-BBD4-8E3396006F6F}.Debug|x64.Build.0 = Debug|x64
		{87AE11BA-C852-4346-BBD4-8E3396006F6F}.Release|Win32.ActiveCfg = Release|Win32
		{87AE11BA-C852-4346-BBD4-8E3396006F6F}.Release|Win32.Build.0 = Release|Win32
		{87AE11BA-C852-4346-BBD4-8E3396006F6F}.Release|x64.ActiveCfg = Release|x64
		{87AE11BA-C852-4346-BBD4-8E3396006F6F}.Release|x64.Build.0 = Release|x64
		{D50EBF0F-6CF7-40EA-BBD7-382152C2AEE4}.Debug|Win32.ActiveCfg = Debug|Win32
		{D50EBF0F-6CF7-40EA-BBD7-382152C2AEE4}.Debug|Win32.Build.0 = Debug|Win32
		{D50EBF0F-6CF7-40EA-BBD7-382152C2AEE4}.Debug|x64.ActiveCfg = Debug|x64
		{D50EBF0F-6CF7-40EA-BBD7-382152C2AEE4}.Debug|x64.Build.0 = Debug|x64
		{D50EBF0F-6CF7-40EA-BBD7-382152C2AEE4}.Release|Win32.ActiveCfg = Release|Win32
		{D50EBF0F-6CF7-40EA-BBD7-382152C2AEE4}.Release|Win32.Build.0 = Release|Win32
		{D50EBF0F-6CF7-40EA-BBD7-382152C2AEE4}.Release|x64.ActiveCfg = Release|x64
		{D50EBF0F-6CF7-40EA-BBD7-382152C2AEE4}.Release|x64.Build.0 = Release|x64
	EndGlobalSection
	GlobalSection(SolutionProperties) = preSolution
		HideSolutionNode = FALSE
	EndGlobalSection
EndGlobal
